
Microsoft Visual Studio Solution File, Format Version 12.00
# Visual Studio 15
VisualStudioVersion = 15.0.28307.852
MinimumVisualStudioVersion = 10.0.40219.1
Project("{FAE04EC0-301F-11D3-BF4B-00C04F79EFBC}") = "gestion com  App", "gestion com  App\gestion com  App.csproj", "{F493C709-7849-46AA-8AE3-2BC363193A72}"
EndProject
Global
	GlobalSection(SolutionConfigurationPlatforms) = preSolution
		Debug|Any CPU = Debug|Any CPU
		Release|Any CPU = Release|Any CPU
	EndGlobalSection
	GlobalSection(ProjectConfigurationPlatforms) = postSolution
		{F493C709-7849-46AA-8AE3-2BC363193A72}.Debug|Any CPU.ActiveCfg = Debug|Any CPU
		{F493C709-7849-46AA-8AE3-2BC363193A72}.Debug|Any CPU.Build.0 = Debug|Any CPU
		{F493C709-7849-46AA-8AE3-2BC363193A72}.Release|Any CPU.ActiveCfg = Release|Any CPU
		{F493C709-7849-46AA-8AE3-2BC363193A72}.Release|Any CPU.Build.0 = Release|Any CPU
	EndGlobalSection
	GlobalSection(SolutionProperties) = preSolution
		HideSolutionNode = FALSE
	EndGlobalSection
	GlobalSection(ExtensibilityGlobals) = postSolution
		SolutionGuid = {F66598FC-2968-483C-83C0-2C345AB086FF}
	EndGlobalSection
EndGlobal
